
Microsoft Visual Studio Solution File, Format Version 12.00
# Visual Studio 15
VisualStudioVersion = 15.0.27703.2026
MinimumVisualStudioVersion = 10.0.40219.1
Project("{FAE04EC0-301F-11D3-BF4B-00C04F79EFBC}") = "ANWebServices", "ANWebServices\ANWebServices.csproj", "{04E3F0B7-8E0A-488A-A918-EFE194604C29}"
EndProject
Global
	GlobalSection(SolutionConfigurationPlatforms) = preSolution
		Debug|Any CPU = Debug|Any CPU
		Release|Any CPU = Release|Any CPU
	EndGlobalSection
	GlobalSection(ProjectConfigurationPlatforms) = postSolution
		{04E3F0B7-8E0A-488A-A918-EFE194604C29}.Debug|Any CPU.ActiveCfg = Debug|Any CPU
		{04E3F0B7-8E0A-488A-A918-EFE194604C29}.Debug|Any CPU.Build.0 = Debug|Any CPU
		{04E3F0B7-8E0A-488A-A918-EFE194604C29}.Release|Any CPU.ActiveCfg = Release|Any CPU
		{04E3F0B7-8E0A-488A-A918-EFE194604C29}.Release|Any CPU.Build.0 = Release|Any CPU
	EndGlobalSection
	GlobalSection(SolutionProperties) = preSolution
		HideSolutionNode = FALSE
	EndGlobalSection
	GlobalSection(ExtensibilityGlobals) = postSolution
		SolutionGuid = {B9F49140-EB58-4BB9-9EA8-C2321FBCB4BD}
	EndGlobalSection
EndGlobal
